
Microsoft Visual Studio Solution File, Format Version 12.00
# Visual Studio Version 16
VisualStudioVersion = 16.0.808.6
MinimumVisualStudioVersion = 10.0.40219.1
Project("{2150E333-8FDC-42A3-9474-1A3956D46DE8}") = "src", "src", "{6F6D62FA-5AEE-42CD-816C-8CD241AD699A}"
EndProject
Project("{2150E333-8FDC-42A3-9474-1A3956D46DE8}") = "tst", "tst", "{C7957804-2808-4A86-B068-A3C5F375DDB1}"
EndProject
Project("{FAE04EC0-301F-11D3-BF4B-00C04F79EFBC}") = "SixtyFiveZeroTwo.Cpu", "src\SixtyFiveZeroTwo.Cpu\SixtyFiveZeroTwo.Cpu.csproj", "{D811EA96-BA09-487E-9CAE-3BEA7ECE58C5}"
EndProject
Project("{FAE04EC0-301F-11D3-BF4B-00C04F79EFBC}") = "SixtyFiveZeroTwo.Demo", "src\SixtyFiveZeroTwo.Demo\SixtyFiveZeroTwo.Demo.csproj", "{4707F48F-BECE-43FB-B32B-22EC422673FC}"
EndProject
Global
	GlobalSection(SolutionConfigurationPlatforms) = preSolution
		Debug|Any CPU = Debug|Any CPU
		Release|Any CPU = Release|Any CPU
	EndGlobalSection
	GlobalSection(ProjectConfigurationPlatforms) = postSolution
		{D811EA96-BA09-487E-9CAE-3BEA7ECE58C5}.Debug|Any CPU.ActiveCfg = Debug|Any CPU
		{D811EA96-BA09-487E-9CAE-3BEA7ECE58C5}.Debug|Any CPU.Build.0 = Debug|Any CPU
		{D811EA96-BA09-487E-9CAE-3BEA7ECE58C5}.Release|Any CPU.ActiveCfg = Release|Any CPU
		{D811EA96-BA09-487E-9CAE-3BEA7ECE58C5}.Release|Any CPU.Build.0 = Release|Any CPU
		{4707F48F-BECE-43FB-B32B-22EC422673FC}.Debug|Any CPU.ActiveCfg = Debug|Any CPU
		{4707F48F-BECE-43FB-B32B-22EC422673FC}.Debug|Any CPU.Build.0 = Debug|Any CPU
		{4707F48F-BECE-43FB-B32B-22EC422673FC}.Release|Any CPU.ActiveCfg = Release|Any CPU
		{4707F48F-BECE-43FB-B32B-22EC422673FC}.Release|Any CPU.Build.0 = Release|Any CPU
	EndGlobalSection
	GlobalSection(SolutionProperties) = preSolution
		HideSolutionNode = FALSE
	EndGlobalSection
	GlobalSection(ExtensibilityGlobals) = postSolution
		SolutionGuid = {F4818F08-0D3C-4DE1-9190-8BAC24C4AA10}
	EndGlobalSection
	GlobalSection(NestedProjects) = preSolution
		{D811EA96-BA09-487E-9CAE-3BEA7ECE58C5} = {6F6D62FA-5AEE-42CD-816C-8CD241AD699A}
		{4707F48F-BECE-43FB-B32B-22EC422673FC} = {6F6D62FA-5AEE-42CD-816C-8CD241AD699A}
	EndGlobalSection
EndGlobal
